
Microsoft Visual Studio Solution File, Format Version 12.00
# Visual Studio Version 17
VisualStudioVersion = 17.13.35931.197 d17.13
MinimumVisualStudioVersion = 10.0.40219.1
Project("{888888A0-9F3D-457C-B088-3A5042F75D52}") = "Multithreading", "Multithreading\Multithreading.pyproj", "{0CE9A1CD-181D-49E0-99D8-7791DD438522}"
EndProject
Global
	GlobalSection(SolutionConfigurationPlatforms) = preSolution
		Debug|Any CPU = Debug|Any CPU
		Release|Any CPU = Release|Any CPU
	EndGlobalSection
	GlobalSection(ProjectConfigurationPlatforms) = postSolution
		{0CE9A1CD-181D-49E0-99D8-7791DD438522}.Debug|Any CPU.ActiveCfg = Debug|Any CPU
		{0CE9A1CD-181D-49E0-99D8-7791DD438522}.Release|Any CPU.ActiveCfg = Release|Any CPU
	EndGlobalSection
	GlobalSection(SolutionProperties) = preSolution
		HideSolutionNode = FALSE
	EndGlobalSection
	GlobalSection(ExtensibilityGlobals) = postSolution
		SolutionGuid = {1C61AC0D-C5CC-4763-826A-6419E140B203}
	EndGlobalSection
EndGlobal
