
Microsoft Visual Studio Solution File, Format Version 12.00
# Visual Studio Version 17
VisualStudioVersion = 17.13.35931.197 d17.13
MinimumVisualStudioVersion = 10.0.40219.1
Project("{888888A0-9F3D-457C-B088-3A5042F75D52}") = "Synchronizing_Threads", "Synchronizing_Threads\Synchronizing_Threads.pyproj", "{429C034A-D331-4F5B-8B8A-775599946556}"
EndProject
Global
	GlobalSection(SolutionConfigurationPlatforms) = preSolution
		Debug|Any CPU = Debug|Any CPU
		Release|Any CPU = Release|Any CPU
	EndGlobalSection
	GlobalSection(ProjectConfigurationPlatforms) = postSolution
		{429C034A-D331-4F5B-8B8A-775599946556}.Debug|Any CPU.ActiveCfg = Debug|Any CPU
		{429C034A-D331-4F5B-8B8A-775599946556}.Release|Any CPU.ActiveCfg = Release|Any CPU
	EndGlobalSection
	GlobalSection(SolutionProperties) = preSolution
		HideSolutionNode = FALSE
	EndGlobalSection
	GlobalSection(ExtensibilityGlobals) = postSolution
		SolutionGuid = {77034A47-A907-41D8-BE94-575572F4DA29}
	EndGlobalSection
EndGlobal
