
Microsoft Visual Studio Solution File, Format Version 12.00
# Visual Studio Version 17
VisualStudioVersion = 17.13.35931.197 d17.13
MinimumVisualStudioVersion = 10.0.40219.1
Project("{888888A0-9F3D-457C-B088-3A5042F75D52}") = "File_Operations", "File_Operations\File_Operations.pyproj", "{578D750C-3E2E-48E8-88C2-AB0CA7BEF2EE}"
EndProject
Global
	GlobalSection(SolutionConfigurationPlatforms) = preSolution
		Debug|Any CPU = Debug|Any CPU
		Release|Any CPU = Release|Any CPU
	EndGlobalSection
	GlobalSection(ProjectConfigurationPlatforms) = postSolution
		{578D750C-3E2E-48E8-88C2-AB0CA7BEF2EE}.Debug|Any CPU.ActiveCfg = Debug|Any CPU
		{578D750C-3E2E-48E8-88C2-AB0CA7BEF2EE}.Release|Any CPU.ActiveCfg = Release|Any CPU
	EndGlobalSection
	GlobalSection(SolutionProperties) = preSolution
		HideSolutionNode = FALSE
	EndGlobalSection
	GlobalSection(ExtensibilityGlobals) = postSolution
		SolutionGuid = {62B4C0CC-D50E-462C-B7E5-E6FBEE130DFB}
	EndGlobalSection
EndGlobal
