
Microsoft Visual Studio Solution File, Format Version 12.00
# Visual Studio Version 17
VisualStudioVersion = 17.13.35931.197 d17.13
MinimumVisualStudioVersion = 10.0.40219.1
Project("{888888A0-9F3D-457C-B088-3A5042F75D52}") = "Sockets_and_Network Programming", "Sockets_and_Network Programming\Sockets_and_Network Programming.pyproj", "{BF2C8646-42BD-4E96-85EC-5C05B1EB93E7}"
EndProject
Global
	GlobalSection(SolutionConfigurationPlatforms) = preSolution
		Debug|Any CPU = Debug|Any CPU
		Release|Any CPU = Release|Any CPU
	EndGlobalSection
	GlobalSection(ProjectConfigurationPlatforms) = postSolution
		{BF2C8646-42BD-4E96-85EC-5C05B1EB93E7}.Debug|Any CPU.ActiveCfg = Debug|Any CPU
		{BF2C8646-42BD-4E96-85EC-5C05B1EB93E7}.Release|Any CPU.ActiveCfg = Release|Any CPU
	EndGlobalSection
	GlobalSection(SolutionProperties) = preSolution
		HideSolutionNode = FALSE
	EndGlobalSection
	GlobalSection(ExtensibilityGlobals) = postSolution
		SolutionGuid = {EED543B1-9B34-4A91-A4EE-82FCEB075839}
	EndGlobalSection
EndGlobal
