
Microsoft Visual Studio Solution File, Format Version 12.00
# Visual Studio Version 17
VisualStudioVersion = 17.13.35931.197 d17.13
MinimumVisualStudioVersion = 10.0.40219.1
Project("{888888A0-9F3D-457C-B088-3A5042F75D52}") = "Operators and User Input", "Operators and User Input\Operators and User Input.pyproj", "{FF7A55D2-D8E3-4F88-BCF7-42E7F14C3C31}"
EndProject
Global
	GlobalSection(SolutionConfigurationPlatforms) = preSolution
		Debug|Any CPU = Debug|Any CPU
		Release|Any CPU = Release|Any CPU
	EndGlobalSection
	GlobalSection(ProjectConfigurationPlatforms) = postSolution
		{FF7A55D2-D8E3-4F88-BCF7-42E7F14C3C31}.Debug|Any CPU.ActiveCfg = Debug|Any CPU
		{FF7A55D2-D8E3-4F88-BCF7-42E7F14C3C31}.Release|Any CPU.ActiveCfg = Release|Any CPU
	EndGlobalSection
	GlobalSection(SolutionProperties) = preSolution
		HideSolutionNode = FALSE
	EndGlobalSection
	GlobalSection(ExtensibilityGlobals) = postSolution
		SolutionGuid = {E27DD2A7-9DDB-45F1-BBB1-AFE5FDB09702}
	EndGlobalSection
EndGlobal
