
Microsoft Visual Studio Solution File, Format Version 12.00
# Visual Studio Version 17
VisualStudioVersion = 17.13.35931.197 d17.13
MinimumVisualStudioVersion = 10.0.40219.1
Project("{888888A0-9F3D-457C-B088-3A5042F75D52}") = "XML_Processing", "XML_Processing\XML_Processing.pyproj", "{B119A4AE-8639-40E4-961A-16A4DE08CC96}"
EndProject
Global
	GlobalSection(SolutionConfigurationPlatforms) = preSolution
		Debug|Any CPU = Debug|Any CPU
		Release|Any CPU = Release|Any CPU
	EndGlobalSection
	GlobalSection(ProjectConfigurationPlatforms) = postSolution
		{B119A4AE-8639-40E4-961A-16A4DE08CC96}.Debug|Any CPU.ActiveCfg = Debug|Any CPU
		{B119A4AE-8639-40E4-961A-16A4DE08CC96}.Release|Any CPU.ActiveCfg = Release|Any CPU
	EndGlobalSection
	GlobalSection(SolutionProperties) = preSolution
		HideSolutionNode = FALSE
	EndGlobalSection
	GlobalSection(ExtensibilityGlobals) = postSolution
		SolutionGuid = {90E4AD84-C5C4-4ABF-ADA1-403E39D4C14C}
	EndGlobalSection
EndGlobal
